
Microsoft Visual Studio Solution File, Format Version 12.00
# Visual Studio Version 17
VisualStudioVersion = 17.5.33516.290
MinimumVisualStudioVersion = 10.0.40219.1
Project("{FAE04EC0-301F-11D3-BF4B-00C04F79EFBC}") = "preguntas y respuestas", "preguntas y respuestas\preguntas y respuestas.csproj", "{CCB9B5AA-DEA8-40D1-AD09-79B9918E9911}"
EndProject
Global
	GlobalSection(SolutionConfigurationPlatforms) = preSolution
		Debug|Any CPU = Debug|Any CPU
		Release|Any CPU = Release|Any CPU
	EndGlobalSection
	GlobalSection(ProjectConfigurationPlatforms) = postSolution
		{CCB9B5AA-DEA8-40D1-AD09-79B9918E9911}.Debug|Any CPU.ActiveCfg = Debug|Any CPU
		{CCB9B5AA-DEA8-40D1-AD09-79B9918E9911}.Debug|Any CPU.Build.0 = Debug|Any CPU
		{CCB9B5AA-DEA8-40D1-AD09-79B9918E9911}.Release|Any CPU.ActiveCfg = Release|Any CPU
		{CCB9B5AA-DEA8-40D1-AD09-79B9918E9911}.Release|Any CPU.Build.0 = Release|Any CPU
	EndGlobalSection
	GlobalSection(SolutionProperties) = preSolution
		HideSolutionNode = FALSE
	EndGlobalSection
	GlobalSection(ExtensibilityGlobals) = postSolution
		SolutionGuid = {2238E7E8-71ED-4421-8C51-D28DF54B5D28}
	EndGlobalSection
EndGlobal
