
Microsoft Visual Studio Solution File, Format Version 12.00
# Visual Studio Version 17
VisualStudioVersion = 17.5.33516.290
MinimumVisualStudioVersion = 10.0.40219.1
Project("{FAE04EC0-301F-11D3-BF4B-00C04F79EFBC}") = "PrimerProyecto", "PrimerProyecto\PrimerProyecto.csproj", "{51EA69B5-8FE6-4DA2-8B07-BC26AAF5C49B}"
EndProject
Global
	GlobalSection(SolutionConfigurationPlatforms) = preSolution
		Debug|Any CPU = Debug|Any CPU
		Release|Any CPU = Release|Any CPU
	EndGlobalSection
	GlobalSection(ProjectConfigurationPlatforms) = postSolution
		{51EA69B5-8FE6-4DA2-8B07-BC26AAF5C49B}.Debug|Any CPU.ActiveCfg = Debug|Any CPU
		{51EA69B5-8FE6-4DA2-8B07-BC26AAF5C49B}.Debug|Any CPU.Build.0 = Debug|Any CPU
		{51EA69B5-8FE6-4DA2-8B07-BC26AAF5C49B}.Release|Any CPU.ActiveCfg = Release|Any CPU
		{51EA69B5-8FE6-4DA2-8B07-BC26AAF5C49B}.Release|Any CPU.Build.0 = Release|Any CPU
	EndGlobalSection
	GlobalSection(SolutionProperties) = preSolution
		HideSolutionNode = FALSE
	EndGlobalSection
	GlobalSection(ExtensibilityGlobals) = postSolution
		SolutionGuid = {802AF7FC-C971-4ACE-B916-E53C56D4161E}
	EndGlobalSection
EndGlobal
